{
    "_readme": [
        "This file locks the dependencies of your project to a known state",
        "Read more about it at https://getcomposer.org/doc/01-basic-usage.md#installing-dependencies",
        "This file is @generated automatically"
    ],
    "content-hash": "765e8dd80ec7c4ec7e952c3cb6d9caf4",
    "packages": [
        {
            "name": "magicoli/bash-tools",
            "version": "1.0.6",
            "source": {
                "type": "git",
                "url": "https://github.com/magicoli/bash-tools.git",
                "reference": "b4425142a024b9413686e19e126d1c256b32a8cb"
            },
            "dist": {
                "type": "zip",
                "url": "https://api.github.com/repos/magicoli/bash-tools/zipball/b4425142a024b9413686e19e126d1c256b32a8cb",
                "reference": "b4425142a024b9413686e19e126d1c256b32a8cb",
                "shasum": ""
            },
            "bin": [
                "bin/cpuinfo",
                "bin/bash-helpers",
                "bin/mail-report",
                "bin/randompassword",
                "bin/stamp",
                "bin/stampfile",
                "bin/tildelete",
                "bin/titlecase",
                "bin/tts",
                "bin/ucfirst",
                "bin/webnormalize",
                "bin/wtclient"
            ],
            "type": "library",
            "autoload": {
                "psr-4": {
                    "Magicoli\\BashHelpers\\": "src/"
                }
            },
            "notification-url": "https://packagist.org/downloads/",
            "license": [
                "AGPL-3.0-or-later"
            ],
            "authors": [
                {
                    "name": "Olivier van Helden",
                    "homepage": "https://magiiic.com"
                }
            ],
            "description": "Eclectic collection of bash tools and helpers.",
            "support": {
                "issues": "https://github.com/magicoli/bash-tools/issues",
                "source": "https://github.com/magicoli/bash-tools/tree/1.0.6"
            },
            "time": "2026-10-05T15:18:25+00:00"
        }
    ],
    "packages-dev": [],
    "aliases": [],
    "minimum-stability": "stable",
    "stability-flags": {},
    "prefer-stable": false,
    "prefer-lowest": false,
    "platform": {},
    "platform-dev": {},
    "plugin-api-version": "2.9.0"
}
